// !$*UTF8*$!
{
	archiveVersion = 1;
	classes = {
	};
	objectVersion = 56;
	objects = {

/* Begin PBXBuildFile section */
		E214DE0029A558D900C8C1FA /* AppDelegate.swift in Sources */ = {isa = PBXBuildFile; fileRef = E214DDFF29A558D900C8C1FA /* AppDelegate.swift */; };
		E214DE0229A558D900C8C1FA /* SceneDelegate.swift in Sources */ = {isa = PBXBuildFile; fileRef = E214DE0129A558D900C8C1FA /* SceneDelegate.swift */; };
		E214DE0429A558DA00C8C1FA /* ViewController.swift in Sources */ = {isa = PBXBuildFile; fileRef = E214DE0329A558DA00C8C1FA /* ViewController.swift */; };
		E214DE0729A558DA00C8C1FA /* Main.storyboard in Resources */ = {isa = PBXBuildFile; fileRef = E214DE0529A558DA00C8C1FA /* Main.storyboard */; };
		E214DE0929A558DC00C8C1FA /* Assets.xcassets in Resources */ = {isa = PBXBuildFile; fileRef = E214DE0829A558DC00C8C1FA /* Assets.xcassets */; };
		E214DE0C29A558DC00C8C1FA /* LaunchScreen.storyboard in Resources */ = {isa = PBXBuildFile; fileRef = E214DE0A29A558DC00C8C1FA /* LaunchScreen.storyboard */; };
		E214DE1429A55B5800C8C1FA /* Capital.swift in Sources */ = {isa = PBXBuildFile; fileRef = E214DE1329A55B5800C8C1FA /* Capital.swift */; };
		E214DE1629A5C90300C8C1FA /* WikipediaViewController.swift in Sources */ = {isa = PBXBuildFile; fileRef = E214DE1529A5C90300C8C1FA /* WikipediaViewController.swift */; };
/* End PBXBuildFile section */

/* Begin PBXFileReference section */
		E214DDFC29A558D900C8C1FA /* CapitalCities.app */ = {isa = PBXFileReference; explicitFileType = wrapper.application; includeInIndex = 0; path = CapitalCities.app; sourceTree = BUILT_PRODUCTS_DIR; };
		E214DDFF29A558D900C8C1FA /* AppDelegate.swift */ = {isa = PBXFileReference; lastKnownFileType = sourcecode.swift; path = AppDelegate.swift; sourceTree = "<group>"; };
		E214DE0129A558D900C8C1FA /* SceneDelegate.swift */ = {isa = PBXFileReference; lastKnownFileType = sourcecode.swift; path = SceneDelegate.swift; sourceTree = "<group>"; };
		E214DE0329A558DA00C8C1FA /* ViewController.swift */ = {isa = PBXFileReference; lastKnownFileType = sourcecode.swift; path = ViewController.swift; sourceTree = "<group>"; };
		E214DE0629A558DA00C8C1FA /* Base */ = {isa = PBXFileReference; lastKnownFileType = file.storyboard; name = Base; path = Base.lproj/Main.storyboard; sourceTree = "<group>"; };
		E214DE0829A558DC00C8C1FA /* Assets.xcassets */ = {isa = PBXFileReference; lastKnownFileType = folder.assetcatalog; path = Assets.xcassets; sourceTree = "<group>"; };
		E214DE0B29A558DC00C8C1FA /* Base */ = {isa = PBXFileReference; lastKnownFileType = file.storyboard; name = Base; path = Base.lproj/LaunchScreen.storyboard; sourceTree = "<group>"; };
		E214DE0D29A558DC00C8C1FA /* Info.plist */ = {isa = PBXFileReference; lastKnownFileType = text.plist.xml; path = Info.plist; sourceTree = "<group>"; };
		E214DE1329A55B5800C8C1FA /* Capital.swift */ = {isa = PBXFileReference; lastKnownFileType = sourcecode.swift; path = Capital.swift; sourceTree = "<group>"; };
		E214DE1529A5C90300C8C1FA /* WikipediaViewController.swift */ = {isa = PBXFileReference; lastKnownFileType = sourcecode.swift; path = WikipediaViewController.swift; sourceTree = "<group>"; };
/* End PBXFileReference section */

/* Begin PBXFrameworksBuildPhase section */
		E214DDF929A558D900C8C1FA /* Frameworks */ = {
			isa = PBXFrameworksBuildPhase;
			buildActionMask = 2147483647;
			files = (
			);
			runOnlyForDeploymentPostprocessing = 0;
		};
/* End PBXFrameworksBuildPhase section */

/* Begin PBXGroup section */
		E214DDF329A558D900C8C1FA = {
			isa = PBXGroup;
			children = (
				E214DDFE29A558D900C8C1FA /* CapitalCities */,
				E214DDFD29A558D900C8C1FA /* Products */,
			);
			sourceTree = "<group>";
		};
		E214DDFD29A558D900C8C1FA /* Products */ = {
			isa = PBXGroup;
			children = (
				E214DDFC29A558D900C8C1FA /* CapitalCities.app */,
			);
			name = Products;
			sourceTree = "<group>";
		};
		E214DDFE29A558D900C8C1FA /* CapitalCities */ = {
			isa = PBXGroup;
			children = (
				E214DDFF29A558D900C8C1FA /* AppDelegate.swift */,
				E214DE0129A558D900C8C1FA /* SceneDelegate.swift */,
				E214DE0329A558DA00C8C1FA /* ViewController.swift */,
				E214DE1529A5C90300C8C1FA /* WikipediaViewController.swift */,
				E214DE1329A55B5800C8C1FA /* Capital.swift */,
				E214DE0529A558DA00C8C1FA /* Main.storyboard */,
				E214DE0829A558DC00C8C1FA /* Assets.xcassets */,
				E214DE0A29A558DC00C8C1FA /* LaunchScreen.storyboard */,
				E214DE0D29A558DC00C8C1FA /* Info.plist */,
			);
			path = CapitalCities;
			sourceTree = "<group>";
		};
/* End PBXGroup section */

/* Begin PBXNativeTarget section */
		E214DDFB29A558D900C8C1FA /* CapitalCities */ = {
			isa = PBXNativeTarget;
			buildConfigurationList = E214DE1029A558DC00C8C1FA /* Build configuration list for PBXNativeTarget "CapitalCities" */;
			buildPhases = (
				E214DDF829A558D900C8C1FA /* Sources */,
				E214DDF929A558D900C8C1FA /* Frameworks */,
				E214DDFA29A558D900C8C1FA /* Resources */,
			);
			buildRules = (
			);
			dependencies = (
			);
			name = CapitalCities;
			productName = CapitalCities;
			productReference = E214DDFC29A558D900C8C1FA /* CapitalCities.app */;
			productType = "com.apple.product-type.application";
		};
/* End PBXNativeTarget section */

/* Begin PBXProject section */
		E214DDF429A558D900C8C1FA /* Project object */ = {
			isa = PBXProject;
			attributes = {
				BuildIndependentTargetsInParallel = 1;
				LastSwiftUpdateCheck = 1410;
				LastUpgradeCheck = 1410;
				TargetAttributes = {
					E214DDFB29A558D900C8C1FA = {
						CreatedOnToolsVersion = 14.1;
					};
				};
			};
			buildConfigurationList = E214DDF729A558D900C8C1FA /* Build configuration list for PBXProject "CapitalCities" */;
			compatibilityVersion = "Xcode 14.0";
			developmentRegion = en;
			hasScannedForEncodings = 0;
			knownRegions = (
				en,
				Base,
			);
			mainGroup = E214DDF329A558D900C8C1FA;
			productRefGroup = E214DDFD29A558D900C8C1FA /* Products */;
			projectDirPath = "";
			projectRoot = "";
			targets = (
				E214DDFB29A558D900C8C1FA /* CapitalCities */,
			);
		};
/* End PBXProject section */

/* Begin PBXResourcesBuildPhase section */
		E214DDFA29A558D900C8C1FA /* Resources */ = {
			isa = PBXResourcesBuildPhase;
			buildActionMask = 2147483647;
			files = (
				E214DE0C29A558DC00C8C1FA /* LaunchScreen.storyboard in Resources */,
				E214DE0929A558DC00C8C1FA /* Assets.xcassets in Resources */,
				E214DE0729A558DA00C8C1FA /* Main.storyboard in Resources */,
			);
			runOnlyForDeploymentPostprocessing = 0;
		};
/* End PBXResourcesBuildPhase section */

/* Begin PBXSourcesBuildPhase section */
		E214DDF829A558D900C8C1FA /* Sources */ = {
			isa = PBXSourcesBuildPhase;
			buildActionMask = 2147483647;
			files = (
				E214DE0429A558DA00C8C1FA /* ViewController.swift in Sources */,
				E214DE0029A558D900C8C1FA /* AppDelegate.swift in Sources */,
				E214DE1429A55B5800C8C1FA /* Capital.swift in Sources */,
				E214DE1629A5C90300C8C1FA /* WikipediaViewController.swift in Sources */,
				E214DE0229A558D900C8C1FA /* SceneDelegate.swift in Sources */,
			);
			runOnlyForDeploymentPostprocessing = 0;
		};
/* End PBXSourcesBuildPhase section */

/* Begin PBXVariantGroup section */
		E214DE0529A558DA00C8C1FA /* Main.storyboard */ = {
			isa = PBXVariantGroup;
			children = (
				E214DE0629A558DA00C8C1FA /* Base */,
			);
			name = Main.storyboard;
			sourceTree = "<group>";
		};
		E214DE0A29A558DC00C8C1FA /* LaunchScreen.storyboard */ = {
			isa = PBXVariantGroup;
			children = (
				E214DE0B29A558DC00C8C1FA /* Base */,
			);
			name = LaunchScreen.storyboard;
			sourceTree = "<group>";
		};
/* End PBXVariantGroup section */

/* Begin XCBuildConfiguration section */
		E214DE0E29A558DC00C8C1FA /* Debug */ = {
			isa = XCBuildConfiguration;
			buildSettings = {
				ALWAYS_SEARCH_USER_PATHS = NO;
				CLANG_ANALYZER_NONNULL = YES;
				CLANG_ANALYZER_NUMBER_OBJECT_CONVERSION = YES_AGGRESSIVE;
				CLANG_CXX_LANGUAGE_STANDARD = "gnu++20";
				CLANG_ENABLE_MODULES = YES;
				CLANG_ENABLE_OBJC_ARC = YES;
				CLANG_ENABLE_OBJC_WEAK = YES;
				CLANG_WARN_BLOCK_CAPTURE_AUTORELEASING = YES;
				CLANG_WARN_BOOL_CONVERSION = YES;
				CLANG_WARN_COMMA = YES;
				CLANG_WARN_CONSTANT_CONVERSION = YES;
				CLANG_WARN_DEPRECATED_OBJC_IMPLEMENTATIONS = YES;
				CLANG_WARN_DIRECT_OBJC_ISA_USAGE = YES_ERROR;
				CLANG_WARN_DOCUMENTATION_COMMENTS = YES;
				CLANG_WARN_EMPTY_BODY = YES;
				CLANG_WARN_ENUM_CONVERSION = YES;
				CLANG_WARN_INFINITE_RECURSION = YES;
				CLANG_WARN_INT_CONVERSION = YES;
				CLANG_WARN_NON_LITERAL_NULL_CONVERSION = YES;
				CLANG_WARN_OBJC_IMPLICIT_RETAIN_SELF = YES;
				CLANG_WARN_OBJC_LITERAL_CONVERSION = YES;
				CLANG_WARN_OBJC_ROOT_CLASS = YES_ERROR;
				CLANG_WARN_QUOTED_INCLUDE_IN_FRAMEWORK_HEADER = YES;
				CLANG_WARN_RANGE_LOOP_ANALYSIS = YES;
				CLANG_WARN_STRICT_PROTOTYPES = YES;
				CLANG_WARN_SUSPICIOUS_MOVE = YES;
				CLANG_WARN_UNGUARDED_AVAILABILITY = YES_AGGRESSIVE;
				CLANG_WARN_UNREACHABLE_CODE = YES;
				CLANG_WARN__DUPLICATE_METHOD_MATCH = YES;
				COPY_PHASE_STRIP = NO;
				DEBUG_INFORMATION_FORMAT = dwarf;
				ENABLE_STRICT_OBJC_MSGSEND = YES;
				ENABLE_TESTABILITY = YES;
				GCC_C_LANGUAGE_STANDARD = gnu11;
				GCC_DYNAMIC_NO_PIC = NO;
				GCC_NO_COMMON_BLOCKS = YES;
				GCC_OPTIMIZATION_LEVEL = 0;
				GCC_PREPROCESSOR_DEFINITIONS = (
					"DEBUG=1",
					"$(inherited)",
				);
				GCC_WARN_64_TO_32_BIT_CONVERSION = YES;
				GCC_WARN_ABOUT_RETURN_TYPE = YES_ERROR;
				GCC_WARN_UNDECLARED_SELECTOR = YES;
				GCC_WARN_UNINITIALIZED_AUTOS = YES_AGGRESSIVE;
				GCC_WARN_UNUSED_FUNCTION = YES;
				GCC_WARN_UNUSED_VARIABLE = YES;
				IPHONEOS_DEPLOYMENT_TARGET = 16.1;
				MTL_ENABLE_DEBUG_INFO = INCLUDE_SOURCE;
				MTL_FAST_MATH = YES;
				ONLY_ACTIVE_ARCH = YES;
				SDKROOT = iphoneos;
				SWIFT_ACTIVE_COMPILATION_CONDITIONS = DEBUG;
				SWIFT_OPTIMIZATION_LEVEL = "-Onone";
			};
			name = Debug;
		};
		E214DE0F29A558DC00C8C1FA /* Release */ = {
			isa = XCBuildConfiguration;
			buildSettings = {
				ALWAYS_SEARCH_USER_PATHS = NO;
				CLANG_ANALYZER_NONNULL = YES;
				CLANG_ANALYZER_NUMBER_OBJECT_CONVERSION = YES_AGGRESSIVE;
				CLANG_CXX_LANGUAGE_STANDARD = "gnu++20";
				CLANG_ENABLE_MODULES = YES;
				CLANG_ENABLE_OBJC_ARC = YES;
				CLANG_ENABLE_OBJC_WEAK = YES;
				CLANG_WARN_BLOCK_CAPTURE_AUTORELEASING = YES;
				CLANG_WARN_BOOL_CONVERSION = YES;
				CLANG_WARN_COMMA = YES;
				CLANG_WARN_CONSTANT_CONVERSION = YES;
				CLANG_WARN_DEPRECATED_OBJC_IMPLEMENTATIONS = YES;
				CLANG_WARN_DIRECT_OBJC_ISA_USAGE = YES_ERROR;
				CLANG_WARN_DOCUMENTATION_COMMENTS = YES;
				CLANG_WARN_EMPTY_BODY = YES;
				CLANG_WARN_ENUM_CONVERSION = YES;
				CLANG_WARN_INFINITE_RECURSION = YES;
				CLANG_WARN_INT_CONVERSION = YES;
				CLANG_WARN_NON_LITERAL_NULL_CONVERSION = YES;
				CLANG_WARN_OBJC_IMPLICIT_RETAIN_SELF = YES;
				CLANG_WARN_OBJC_LITERAL_CONVERSION = YES;
				CLANG_WARN_OBJC_ROOT_CLASS = YES_ERROR;
				CLANG_WARN_QUOTED_INCLUDE_IN_FRAMEWORK_HEADER = YES;
				CLANG_WARN_RANGE_LOOP_ANALYSIS = YES;
				CLANG_WARN_STRICT_PROTOTYPES = YES;
				CLANG_WARN_SUSPICIOUS_MOVE = YES;
				CLANG_WARN_UNGUARDED_AVAILABILITY = YES_AGGRESSIVE;
				CLANG_WARN_UNREACHABLE_CODE = YES;
				CLANG_WARN__DUPLICATE_METHOD_MATCH = YES;
				COPY_PHASE_STRIP = NO;
				DEBUG_INFORMATION_FORMAT = "dwarf-with-dsym";
				ENABLE_NS_ASSERTIONS = NO;
				ENABLE_STRICT_OBJC_MSGSEND = YES;
				GCC_C_LANGUAGE_STANDARD = gnu11;
				GCC_NO_COMMON_BLOCKS = YES;
				GCC_WARN_64_TO_32_BIT_CONVERSION = YES;
				GCC_WARN_ABOUT_RETURN_TYPE = YES_ERROR;
				GCC_WARN_UNDECLARED_SELECTOR = YES;
				GCC_WARN_UNINITIALIZED_AUTOS = YES_AGGRESSIVE;
				GCC_WARN_UNUSED_FUNCTION = YES;
				GCC_WARN_UNUSED_VARIABLE = YES;
				IPHONEOS_DEPLOYMENT_TARGET = 16.1;
				MTL_ENABLE_DEBUG_INFO = NO;
				MTL_FAST_MATH = YES;
				SDKROOT = iphoneos;
				SWIFT_COMPILATION_MODE = wholemodule;
				SWIFT_OPTIMIZATION_LEVEL = "-O";
				VALIDATE_PRODUCT = YES;
			};
			name = Release;
		};
		E214DE1129A558DC00C8C1FA /* Debug */ = {
			isa = XCBuildConfiguration;
			buildSettings = {
				ASSETCATALOG_COMPILER_APPICON_NAME = AppIcon;
				ASSETCATALOG_COMPILER_GLOBAL_ACCENT_COLOR_NAME = AccentColor;
				CODE_SIGN_STYLE = Automatic;
				CURRENT_PROJECT_VERSION = 1;
				DEVELOPMENT_TEAM = 9BF9W86729;
				GENERATE_INFOPLIST_FILE = YES;
				INFOPLIST_FILE = CapitalCities/Info.plist;
				INFOPLIST_KEY_UIApplicationSupportsIndirectInputEvents = YES;
				INFOPLIST_KEY_UILaunchStoryboardName = LaunchScreen;
				INFOPLIST_KEY_UIMainStoryboardFile = Main;
				INFOPLIST_KEY_UISupportedInterfaceOrientations_iPad = "UIInterfaceOrientationPortrait UIInterfaceOrientationPortraitUpsideDown UIInterfaceOrientationLandscapeLeft UIInterfaceOrientationLandscapeRight";
				INFOPLIST_KEY_UISupportedInterfaceOrientations_iPhone = "UIInterfaceOrientationPortrait UIInterfaceOrientationLandscapeLeft UIInterfaceOrientationLandscapeRight";
				LD_RUNPATH_SEARCH_PATHS = (
					"$(inherited)",
					"@executable_path/Frameworks",
				);
				MARKETING_VERSION = 1.0;
				PRODUCT_BUNDLE_IDENTIFIER = com.ignaciocervino.CapitalCities;
				PRODUCT_NAME = "$(TARGET_NAME)";
				SWIFT_EMIT_LOC_STRINGS = YES;
				SWIFT_VERSION = 5.0;
				TARGETED_DEVICE_FAMILY = "1,2";
			};
			name = Debug;
		};
		E214DE1229A558DC00C8C1FA /* Release */ = {
			isa = XCBuildConfiguration;
			buildSettings = {
				ASSETCATALOG_COMPILER_APPICON_NAME = AppIcon;
				ASSETCATALOG_COMPILER_GLOBAL_ACCENT_COLOR_NAME = AccentColor;
				CODE_SIGN_STYLE = Automatic;
				CURRENT_PROJECT_VERSION = 1;
				DEVELOPMENT_TEAM = 9BF9W86729;
				GENERATE_INFOPLIST_FILE = YES;
				INFOPLIST_FILE = CapitalCities/Info.plist;
				INFOPLIST_KEY_UIApplicationSupportsIndirectInputEvents = YES;
				INFOPLIST_KEY_UILaunchStoryboardName = LaunchScreen;
				INFOPLIST_KEY_UIMainStoryboardFile = Main;
				INFOPLIST_KEY_UISupportedInterfaceOrientations_iPad = "UIInterfaceOrientationPortrait UIInterfaceOrientationPortraitUpsideDown UIInterfaceOrientationLandscapeLeft UIInterfaceOrientationLandscapeRight";
				INFOPLIST_KEY_UISupportedInterfaceOrientations_iPhone = "UIInterfaceOrientationPortrait UIInterfaceOrientationLandscapeLeft UIInterfaceOrientationLandscapeRight";
				LD_RUNPATH_SEARCH_PATHS = (
					"$(inherited)",
					"@executable_path/Frameworks",
				);
				MARKETING_VERSION = 1.0;
				PRODUCT_BUNDLE_IDENTIFIER = com.ignaciocervino.CapitalCities;
				PRODUCT_NAME = "$(TARGET_NAME)";
				SWIFT_EMIT_LOC_STRINGS = YES;
				SWIFT_VERSION = 5.0;
				TARGETED_DEVICE_FAMILY = "1,2";
			};
			name = Release;
		};
/* End XCBuildConfiguration section */

/* Begin XCConfigurationList section */
		E214DDF729A558D900C8C1FA /* Build configuration list for PBXProject "CapitalCities" */ = {
			isa = XCConfigurationList;
			buildConfigurations = (
				E214DE0E29A558DC00C8C1FA /* Debug */,
				E214DE0F29A558DC00C8C1FA /* Release */,
			);
			defaultConfigurationIsVisible = 0;
			defaultConfigurationName = Release;
		};
		E214DE1029A558DC00C8C1FA /* Build configuration list for PBXNativeTarget "CapitalCities" */ = {
			isa = XCConfigurationList;
			buildConfigurations = (
				E214DE1129A558DC00C8C1FA /* Debug */,
				E214DE1229A558DC00C8C1FA /* Release */,
			);
			defaultConfigurationIsVisible = 0;
			defaultConfigurationName = Release;
		};
/* End XCConfigurationList section */
	};
	rootObject = E214DDF429A558D900C8C1FA /* Project object */;
}
